
Microsoft Visual Studio Solution File, Format Version 12.00
# Visual Studio Express 2012 for Windows Desktop
Project("{FAE04EC0-301F-11D3-BF4B-00C04F79EFBC}") = "Lib", "Lib\Lib.csproj", "{19E07008-EB4B-4A54-8F2B-CE29A3417407}"
EndProject
Project("{FAE04EC0-301F-11D3-BF4B-00C04F79EFBC}") = "011", "011\011.csproj", "{D369F786-258A-4893-8552-91D94490C0E6}"
EndProject
Project("{FAE04EC0-301F-11D3-BF4B-00C04F79EFBC}") = "012", "012\012.csproj", "{BCB5422C-7089-4C30-8864-A6CE25291170}"
EndProject
Project("{FAE04EC0-301F-11D3-BF4B-00C04F79EFBC}") = "Tests", "Tests\Tests.csproj", "{F3B2CEE2-E480-498F-857C-42352CC124EC}"
EndProject
Project("{FAE04EC0-301F-11D3-BF4B-00C04F79EFBC}") = "013", "013\013.csproj", "{115BB44D-2874-4CC4-AD64-C3FD106E973D}"
EndProject
Project("{FAE04EC0-301F-11D3-BF4B-00C04F79EFBC}") = "014", "014\014.csproj", "{0C1074F4-8041-466C-9BF0-6DFF8F6989F6}"
EndProject
Project("{FAE04EC0-301F-11D3-BF4B-00C04F79EFBC}") = "015", "015\015.csproj", "{23185182-BDD9-4935-86E5-725033106A69}"
EndProject
Project("{FAE04EC0-301F-11D3-BF4B-00C04F79EFBC}") = "067", "067\067.csproj", "{408934E5-F9E4-4A30-9174-8A613C88240C}"
EndProject
Project("{FAE04EC0-301F-11D3-BF4B-00C04F79EFBC}") = "032", "032\032.csproj", "{259ECBDC-448B-4B00-9219-813C97229421}"
EndProject
Project("{FAE04EC0-301F-11D3-BF4B-00C04F79EFBC}") = "038", "038\038.csproj", "{620E449F-AFCE-49E1-B140-8F5ED69C2937}"
EndProject
Project("{FAE04EC0-301F-11D3-BF4B-00C04F79EFBC}") = "046", "046\046.csproj", "{095F2A54-617E-4CC8-A459-0D4324013C47}"
EndProject
Project("{FAE04EC0-301F-11D3-BF4B-00C04F79EFBC}") = "065", "065\065.csproj", "{CCFF909F-8BA0-4CDF-AAA9-2229624BC537}"
EndProject
Project("{FAE04EC0-301F-11D3-BF4B-00C04F79EFBC}") = "079", "079\079.csproj", "{A60DDFA9-0DBE-4A03-843F-A241BC01C77E}"
EndProject
Project("{FAE04EC0-301F-11D3-BF4B-00C04F79EFBC}") = "020", "020\020.csproj", "{4A3DCA7D-772F-4926-B56F-1C837CBDE800}"
EndProject
Project("{FAE04EC0-301F-11D3-BF4B-00C04F79EFBC}") = "025", "025\025.csproj", "{AAD2231A-4405-4668-9348-66A28484AC65}"
EndProject
Project("{FAE04EC0-301F-11D3-BF4B-00C04F79EFBC}") = "021", "021\021.csproj", "{37D76F46-B72E-4ED0-8F91-88D9ADFE84DA}"
EndProject
Project("{FAE04EC0-301F-11D3-BF4B-00C04F79EFBC}") = "022", "022\022.csproj", "{8E821B69-A3FF-4729-AB96-4147BFAC0934}"
EndProject
Project("{FAE04EC0-301F-11D3-BF4B-00C04F79EFBC}") = "019", "019\019.csproj", "{C22A84BC-F060-4570-9381-30449810011D}"
EndProject
Project("{FAE04EC0-301F-11D3-BF4B-00C04F79EFBC}") = "048", "048\048.csproj", "{AC3180F5-8C4F-45C5-A7BE-485F2A283234}"
EndProject
Project("{FAE04EC0-301F-11D3-BF4B-00C04F79EFBC}") = "028", "028\028.csproj", "{31D35894-BBFD-45E7-933E-3E8DED827197}"
EndProject
Project("{FAE04EC0-301F-11D3-BF4B-00C04F79EFBC}") = "024", "024\024.csproj", "{739361C8-9E3E-4730-83E2-C4BF237EABEE}"
EndProject
Project("{FAE04EC0-301F-11D3-BF4B-00C04F79EFBC}") = "030", "030\030.csproj", "{149549BC-3DA4-4C5D-B94D-8163E4B01ABF}"
EndProject
Project("{FAE04EC0-301F-11D3-BF4B-00C04F79EFBC}") = "029", "029\029.csproj", "{0314C7F5-A77F-4782-8A82-912091103007}"
EndProject
Project("{FAE04EC0-301F-11D3-BF4B-00C04F79EFBC}") = "023", "023\023.csproj", "{A81370CE-2ABC-47CC-BE59-BCD9838C2AE3}"
EndProject
Project("{FAE04EC0-301F-11D3-BF4B-00C04F79EFBC}") = "034", "034\034.csproj", "{DFC49C65-46FF-4A1C-B7A2-A7EC3B7C9688}"
EndProject
Project("{FAE04EC0-301F-11D3-BF4B-00C04F79EFBC}") = "036", "036\036.csproj", "{2FA4833A-46AD-4DF3-9DD3-4575028CBA4B}"
EndProject
Project("{FAE04EC0-301F-11D3-BF4B-00C04F79EFBC}") = "027", "027\027.csproj", "{E56259CB-5F56-46E8-939A-CF98170F7267}"
EndProject
Project("{FAE04EC0-301F-11D3-BF4B-00C04F79EFBC}") = "040", "040\040.csproj", "{E14E5CDA-82E8-4B0F-8F27-53DF264A7226}"
EndProject
Project("{FAE04EC0-301F-11D3-BF4B-00C04F79EFBC}") = "026", "026\026.csproj", "{797438C3-804E-4F22-9E14-FE1123F39AFD}"
EndProject
Project("{FAE04EC0-301F-11D3-BF4B-00C04F79EFBC}") = "042", "042\042.csproj", "{E7D9CEAF-F8A0-4C67-8C4B-241FA4BB3ADB}"
EndProject
Project("{FAE04EC0-301F-11D3-BF4B-00C04F79EFBC}") = "031", "031\031.csproj", "{3CE0014A-76EB-448D-9B9C-7C964E2C22CC}"
EndProject
Project("{FAE04EC0-301F-11D3-BF4B-00C04F79EFBC}") = "045", "045\045.csproj", "{78906345-3CBD-4525-9134-739FCE4E8535}"
EndProject
Project("{FAE04EC0-301F-11D3-BF4B-00C04F79EFBC}") = "001", "001\001.csproj", "{215FB12B-41BA-4522-8D02-960F75534F9B}"
EndProject
Project("{FAE04EC0-301F-11D3-BF4B-00C04F79EFBC}") = "002", "002\002.csproj", "{8C73BBC4-9013-461E-B182-6CC04BC9D505}"
EndProject
Project("{FAE04EC0-301F-11D3-BF4B-00C04F79EFBC}") = "003", "003\003.csproj", "{65120C47-A4C0-4AB9-A108-732F90520FB0}"
EndProject
Project("{FAE04EC0-301F-11D3-BF4B-00C04F79EFBC}") = "004", "004\004.csproj", "{F2B2B5BC-CCF9-45DD-9AB8-CEDECCF2B862}"
EndProject
Project("{FAE04EC0-301F-11D3-BF4B-00C04F79EFBC}") = "006", "006\006.csproj", "{90D6CB5F-1C88-41A1-A536-647A63A9AC72}"
EndProject
Project("{FAE04EC0-301F-11D3-BF4B-00C04F79EFBC}") = "005", "005\005.csproj", "{616D7587-D60A-49C1-85BF-489B32A164EE}"
EndProject
Project("{FAE04EC0-301F-11D3-BF4B-00C04F79EFBC}") = "007", "007\007.csproj", "{7371AB1C-77E0-4ECD-B5C7-D6F3A352B1D6}"
EndProject
Project("{FAE04EC0-301F-11D3-BF4B-00C04F79EFBC}") = "008", "008\008.csproj", "{4431119E-0613-44C7-BDA2-31773A9D4228}"
EndProject
Project("{FAE04EC0-301F-11D3-BF4B-00C04F79EFBC}") = "009", "009\009.csproj", "{4869649C-D928-4D71-A19F-872F82E80C47}"
EndProject
Project("{FAE04EC0-301F-11D3-BF4B-00C04F79EFBC}") = "010", "010\010.csproj", "{4DDBE696-6366-455A-A428-E3A04306FAA1}"
EndProject
Project("{FAE04EC0-301F-11D3-BF4B-00C04F79EFBC}") = "016", "016\016.csproj", "{0D59D391-3045-4868-AFB1-09BC8FCA6E92}"
EndProject
Project("{FAE04EC0-301F-11D3-BF4B-00C04F79EFBC}") = "017", "017\017.csproj", "{3975A821-71AB-4C62-A7C3-4EC34C8A198D}"
EndProject
Project("{FAE04EC0-301F-11D3-BF4B-00C04F79EFBC}") = "018", "018\018.csproj", "{11878367-AEB1-47B6-9BD9-3C86479B630C}"
EndProject
Project("{FAE04EC0-301F-11D3-BF4B-00C04F79EFBC}") = "035", "035\035.csproj", "{53C0C748-08A8-4047-B29B-1FA1A8286AF6}"
EndProject
Project("{FAE04EC0-301F-11D3-BF4B-00C04F79EFBC}") = "037", "037\037.csproj", "{0FE3AF4C-0306-40A0-A332-8B7E4AC6CB86}"
EndProject
Project("{FAE04EC0-301F-11D3-BF4B-00C04F79EFBC}") = "039", "039\039.csproj", "{895612F5-CF04-436D-9FD7-E1F5A7A0A4D2}"
EndProject
Project("{FAE04EC0-301F-11D3-BF4B-00C04F79EFBC}") = "033", "033\033.csproj", "{0C3586DE-FBAE-448E-921E-861EF99BF33E}"
EndProject
Project("{FAE04EC0-301F-11D3-BF4B-00C04F79EFBC}") = "052", "052\052.csproj", "{9E0212A9-CF40-4EEB-8119-CF30CDC8D395}"
EndProject
Project("{FAE04EC0-301F-11D3-BF4B-00C04F79EFBC}") = "041", "041\041.csproj", "{7E7DB448-EAC7-452E-AA54-CAEFCD6F489A}"
EndProject
Project("{FAE04EC0-301F-11D3-BF4B-00C04F79EFBC}") = "053", "053\053.csproj", "{8A0C9964-4C51-45C3-BADE-47340AD42EC1}"
EndProject
Project("{FAE04EC0-301F-11D3-BF4B-00C04F79EFBC}") = "056", "056\056.csproj", "{336862B0-C11B-40D3-BE75-6543E9B5C1B7}"
EndProject
Project("{FAE04EC0-301F-11D3-BF4B-00C04F79EFBC}") = "050", "050\050.csproj", "{12785A49-B55A-4370-B9C8-20B50BEE17BF}"
EndProject
Project("{FAE04EC0-301F-11D3-BF4B-00C04F79EFBC}") = "055", "055\055.csproj", "{832CE630-2F4B-43B9-BE05-243D9083E470}"
EndProject
Project("{FAE04EC0-301F-11D3-BF4B-00C04F79EFBC}") = "043", "043\043.csproj", "{95867C1E-8B00-49CC-BFB8-A7C5FFFE1CB7}"
EndProject
Project("{FAE04EC0-301F-11D3-BF4B-00C04F79EFBC}") = "047", "047\047.csproj", "{55B98DD3-AEA3-4E1F-8095-B1B605F5A62E}"
EndProject
Project("{FAE04EC0-301F-11D3-BF4B-00C04F79EFBC}") = "081", "081\081.csproj", "{A5F6AACE-76C3-47F0-838F-C588B9CE14C4}"
EndProject
Global
	GlobalSection(SolutionConfigurationPlatforms) = preSolution
		Debug|Any CPU = Debug|Any CPU
		Release|Any CPU = Release|Any CPU
	EndGlobalSection
	GlobalSection(ProjectConfigurationPlatforms) = postSolution
		{19E07008-EB4B-4A54-8F2B-CE29A3417407}.Debug|Any CPU.ActiveCfg = Debug|Any CPU
		{19E07008-EB4B-4A54-8F2B-CE29A3417407}.Debug|Any CPU.Build.0 = Debug|Any CPU
		{19E07008-EB4B-4A54-8F2B-CE29A3417407}.Release|Any CPU.ActiveCfg = Release|Any CPU
		{19E07008-EB4B-4A54-8F2B-CE29A3417407}.Release|Any CPU.Build.0 = Release|Any CPU
		{D369F786-258A-4893-8552-91D94490C0E6}.Debug|Any CPU.ActiveCfg = Debug|Any CPU
		{D369F786-258A-4893-8552-91D94490C0E6}.Debug|Any CPU.Build.0 = Debug|Any CPU
		{D369F786-258A-4893-8552-91D94490C0E6}.Release|Any CPU.ActiveCfg = Release|Any CPU
		{D369F786-258A-4893-8552-91D94490C0E6}.Release|Any CPU.Build.0 = Release|Any CPU
		{BCB5422C-7089-4C30-8864-A6CE25291170}.Debug|Any CPU.ActiveCfg = Debug|Any CPU
		{BCB5422C-7089-4C30-8864-A6CE25291170}.Debug|Any CPU.Build.0 = Debug|Any CPU
		{BCB5422C-7089-4C30-8864-A6CE25291170}.Release|Any CPU.ActiveCfg = Release|Any CPU
		{BCB5422C-7089-4C30-8864-A6CE25291170}.Release|Any CPU.Build.0 = Release|Any CPU
		{F3B2CEE2-E480-498F-857C-42352CC124EC}.Debug|Any CPU.ActiveCfg = Debug|Any CPU
		{F3B2CEE2-E480-498F-857C-42352CC124EC}.Debug|Any CPU.Build.0 = Debug|Any CPU
		{F3B2CEE2-E480-498F-857C-42352CC124EC}.Release|Any CPU.ActiveCfg = Release|Any CPU
		{F3B2CEE2-E480-498F-857C-42352CC124EC}.Release|Any CPU.Build.0 = Release|Any CPU
		{115BB44D-2874-4CC4-AD64-C3FD106E973D}.Debug|Any CPU.ActiveCfg = Debug|Any CPU
		{115BB44D-2874-4CC4-AD64-C3FD106E973D}.Debug|Any CPU.Build.0 = Debug|Any CPU
		{115BB44D-2874-4CC4-AD64-C3FD106E973D}.Release|Any CPU.ActiveCfg = Release|Any CPU
		{115BB44D-2874-4CC4-AD64-C3FD106E973D}.Release|Any CPU.Build.0 = Release|Any CPU
		{0C1074F4-8041-466C-9BF0-6DFF8F6989F6}.Debug|Any CPU.ActiveCfg = Debug|Any CPU
		{0C1074F4-8041-466C-9BF0-6DFF8F6989F6}.Debug|Any CPU.Build.0 = Debug|Any CPU
		{0C1074F4-8041-466C-9BF0-6DFF8F6989F6}.Release|Any CPU.ActiveCfg = Release|Any CPU
		{0C1074F4-8041-466C-9BF0-6DFF8F6989F6}.Release|Any CPU.Build.0 = Release|Any CPU
		{23185182-BDD9-4935-86E5-725033106A69}.Debug|Any CPU.ActiveCfg = Debug|Any CPU
		{23185182-BDD9-4935-86E5-725033106A69}.Debug|Any CPU.Build.0 = Debug|Any CPU
		{23185182-BDD9-4935-86E5-725033106A69}.Release|Any CPU.ActiveCfg = Release|Any CPU
		{23185182-BDD9-4935-86E5-725033106A69}.Release|Any CPU.Build.0 = Release|Any CPU
		{408934E5-F9E4-4A30-9174-8A613C88240C}.Debug|Any CPU.ActiveCfg = Debug|Any CPU
		{408934E5-F9E4-4A30-9174-8A613C88240C}.Debug|Any CPU.Build.0 = Debug|Any CPU
		{408934E5-F9E4-4A30-9174-8A613C88240C}.Release|Any CPU.ActiveCfg = Release|Any CPU
		{408934E5-F9E4-4A30-9174-8A613C88240C}.Release|Any CPU.Build.0 = Release|Any CPU
		{259ECBDC-448B-4B00-9219-813C97229421}.Debug|Any CPU.ActiveCfg = Debug|Any CPU
		{259ECBDC-448B-4B00-9219-813C97229421}.Debug|Any CPU.Build.0 = Debug|Any CPU
		{259ECBDC-448B-4B00-9219-813C97229421}.Release|Any CPU.ActiveCfg = Release|Any CPU
		{259ECBDC-448B-4B00-9219-813C97229421}.Release|Any CPU.Build.0 = Release|Any CPU
		{620E449F-AFCE-49E1-B140-8F5ED69C2937}.Debug|Any CPU.ActiveCfg = Debug|Any CPU
		{620E449F-AFCE-49E1-B140-8F5ED69C2937}.Debug|Any CPU.Build.0 = Debug|Any CPU
		{620E449F-AFCE-49E1-B140-8F5ED69C2937}.Release|Any CPU.ActiveCfg = Release|Any CPU
		{620E449F-AFCE-49E1-B140-8F5ED69C2937}.Release|Any CPU.Build.0 = Release|Any CPU
		{095F2A54-617E-4CC8-A459-0D4324013C47}.Debug|Any CPU.ActiveCfg = Debug|Any CPU
		{095F2A54-617E-4CC8-A459-0D4324013C47}.Debug|Any CPU.Build.0 = Debug|Any CPU
		{095F2A54-617E-4CC8-A459-0D4324013C47}.Release|Any CPU.ActiveCfg = Release|Any CPU
		{095F2A54-617E-4CC8-A459-0D4324013C47}.Release|Any CPU.Build.0 = Release|Any CPU
		{CCFF909F-8BA0-4CDF-AAA9-2229624BC537}.Debug|Any CPU.ActiveCfg = Debug|Any CPU
		{CCFF909F-8BA0-4CDF-AAA9-2229624BC537}.Debug|Any CPU.Build.0 = Debug|Any CPU
		{CCFF909F-8BA0-4CDF-AAA9-2229624BC537}.Release|Any CPU.ActiveCfg = Release|Any CPU
		{CCFF909F-8BA0-4CDF-AAA9-2229624BC537}.Release|Any CPU.Build.0 = Release|Any CPU
		{A60DDFA9-0DBE-4A03-843F-A241BC01C77E}.Debug|Any CPU.ActiveCfg = Debug|Any CPU
		{A60DDFA9-0DBE-4A03-843F-A241BC01C77E}.Debug|Any CPU.Build.0 = Debug|Any CPU
		{A60DDFA9-0DBE-4A03-843F-A241BC01C77E}.Release|Any CPU.ActiveCfg = Release|Any CPU
		{A60DDFA9-0DBE-4A03-843F-A241BC01C77E}.Release|Any CPU.Build.0 = Release|Any CPU
		{4A3DCA7D-772F-4926-B56F-1C837CBDE800}.Debug|Any CPU.ActiveCfg = Debug|Any CPU
		{4A3DCA7D-772F-4926-B56F-1C837CBDE800}.Debug|Any CPU.Build.0 = Debug|Any CPU
		{4A3DCA7D-772F-4926-B56F-1C837CBDE800}.Release|Any CPU.ActiveCfg = Release|Any CPU
		{4A3DCA7D-772F-4926-B56F-1C837CBDE800}.Release|Any CPU.Build.0 = Release|Any CPU
		{AAD2231A-4405-4668-9348-66A28484AC65}.Debug|Any CPU.ActiveCfg = Debug|Any CPU
		{AAD2231A-4405-4668-9348-66A28484AC65}.Debug|Any CPU.Build.0 = Debug|Any CPU
		{AAD2231A-4405-4668-9348-66A28484AC65}.Release|Any CPU.ActiveCfg = Release|Any CPU
		{AAD2231A-4405-4668-9348-66A28484AC65}.Release|Any CPU.Build.0 = Release|Any CPU
		{37D76F46-B72E-4ED0-8F91-88D9ADFE84DA}.Debug|Any CPU.ActiveCfg = Debug|Any CPU
		{37D76F46-B72E-4ED0-8F91-88D9ADFE84DA}.Debug|Any CPU.Build.0 = Debug|Any CPU
		{37D76F46-B72E-4ED0-8F91-88D9ADFE84DA}.Release|Any CPU.ActiveCfg = Release|Any CPU
		{37D76F46-B72E-4ED0-8F91-88D9ADFE84DA}.Release|Any CPU.Build.0 = Release|Any CPU
		{8E821B69-A3FF-4729-AB96-4147BFAC0934}.Debug|Any CPU.ActiveCfg = Debug|Any CPU
		{8E821B69-A3FF-4729-AB96-4147BFAC0934}.Debug|Any CPU.Build.0 = Debug|Any CPU
		{8E821B69-A3FF-4729-AB96-4147BFAC0934}.Release|Any CPU.ActiveCfg = Release|Any CPU
		{8E821B69-A3FF-4729-AB96-4147BFAC0934}.Release|Any CPU.Build.0 = Release|Any CPU
		{C22A84BC-F060-4570-9381-30449810011D}.Debug|Any CPU.ActiveCfg = Debug|Any CPU
		{C22A84BC-F060-4570-9381-30449810011D}.Debug|Any CPU.Build.0 = Debug|Any CPU
		{C22A84BC-F060-4570-9381-30449810011D}.Release|Any CPU.ActiveCfg = Release|Any CPU
		{C22A84BC-F060-4570-9381-30449810011D}.Release|Any CPU.Build.0 = Release|Any CPU
		{AC3180F5-8C4F-45C5-A7BE-485F2A283234}.Debug|Any CPU.ActiveCfg = Debug|Any CPU
		{AC3180F5-8C4F-45C5-A7BE-485F2A283234}.Debug|Any CPU.Build.0 = Debug|Any CPU
		{AC3180F5-8C4F-45C5-A7BE-485F2A283234}.Release|Any CPU.ActiveCfg = Release|Any CPU
		{AC3180F5-8C4F-45C5-A7BE-485F2A283234}.Release|Any CPU.Build.0 = Release|Any CPU
		{31D35894-BBFD-45E7-933E-3E8DED827197}.Debug|Any CPU.ActiveCfg = Debug|Any CPU
		{31D35894-BBFD-45E7-933E-3E8DED827197}.Debug|Any CPU.Build.0 = Debug|Any CPU
		{31D35894-BBFD-45E7-933E-3E8DED827197}.Release|Any CPU.ActiveCfg = Release|Any CPU
		{31D35894-BBFD-45E7-933E-3E8DED827197}.Release|Any CPU.Build.0 = Release|Any CPU
		{739361C8-9E3E-4730-83E2-C4BF237EABEE}.Debug|Any CPU.ActiveCfg = Debug|Any CPU
		{739361C8-9E3E-4730-83E2-C4BF237EABEE}.Debug|Any CPU.Build.0 = Debug|Any CPU
		{739361C8-9E3E-4730-83E2-C4BF237EABEE}.Release|Any CPU.ActiveCfg = Release|Any CPU
		{739361C8-9E3E-4730-83E2-C4BF237EABEE}.Release|Any CPU.Build.0 = Release|Any CPU
		{149549BC-3DA4-4C5D-B94D-8163E4B01ABF}.Debug|Any CPU.ActiveCfg = Debug|Any CPU
		{149549BC-3DA4-4C5D-B94D-8163E4B01ABF}.Debug|Any CPU.Build.0 = Debug|Any CPU
		{149549BC-3DA4-4C5D-B94D-8163E4B01ABF}.Release|Any CPU.ActiveCfg = Release|Any CPU
		{149549BC-3DA4-4C5D-B94D-8163E4B01ABF}.Release|Any CPU.Build.0 = Release|Any CPU
		{0314C7F5-A77F-4782-8A82-912091103007}.Debug|Any CPU.ActiveCfg = Debug|Any CPU
		{0314C7F5-A77F-4782-8A82-912091103007}.Debug|Any CPU.Build.0 = Debug|Any CPU
		{0314C7F5-A77F-4782-8A82-912091103007}.Release|Any CPU.ActiveCfg = Release|Any CPU
		{0314C7F5-A77F-4782-8A82-912091103007}.Release|Any CPU.Build.0 = Release|Any CPU
		{A81370CE-2ABC-47CC-BE59-BCD9838C2AE3}.Debug|Any CPU.ActiveCfg = Debug|Any CPU
		{A81370CE-2ABC-47CC-BE59-BCD9838C2AE3}.Debug|Any CPU.Build.0 = Debug|Any CPU
		{A81370CE-2ABC-47CC-BE59-BCD9838C2AE3}.Release|Any CPU.ActiveCfg = Release|Any CPU
		{A81370CE-2ABC-47CC-BE59-BCD9838C2AE3}.Release|Any CPU.Build.0 = Release|Any CPU
		{DFC49C65-46FF-4A1C-B7A2-A7EC3B7C9688}.Debug|Any CPU.ActiveCfg = Debug|Any CPU
		{DFC49C65-46FF-4A1C-B7A2-A7EC3B7C9688}.Debug|Any CPU.Build.0 = Debug|Any CPU
		{DFC49C65-46FF-4A1C-B7A2-A7EC3B7C9688}.Release|Any CPU.ActiveCfg = Release|Any CPU
		{DFC49C65-46FF-4A1C-B7A2-A7EC3B7C9688}.Release|Any CPU.Build.0 = Release|Any CPU
		{2FA4833A-46AD-4DF3-9DD3-4575028CBA4B}.Debug|Any CPU.ActiveCfg = Debug|Any CPU
		{2FA4833A-46AD-4DF3-9DD3-4575028CBA4B}.Debug|Any CPU.Build.0 = Debug|Any CPU
		{2FA4833A-46AD-4DF3-9DD3-4575028CBA4B}.Release|Any CPU.ActiveCfg = Release|Any CPU
		{2FA4833A-46AD-4DF3-9DD3-4575028CBA4B}.Release|Any CPU.Build.0 = Release|Any CPU
		{E56259CB-5F56-46E8-939A-CF98170F7267}.Debug|Any CPU.ActiveCfg = Debug|Any CPU
		{E56259CB-5F56-46E8-939A-CF98170F7267}.Debug|Any CPU.Build.0 = Debug|Any CPU
		{E56259CB-5F56-46E8-939A-CF98170F7267}.Release|Any CPU.ActiveCfg = Release|Any CPU
		{E56259CB-5F56-46E8-939A-CF98170F7267}.Release|Any CPU.Build.0 = Release|Any CPU
		{E14E5CDA-82E8-4B0F-8F27-53DF264A7226}.Debug|Any CPU.ActiveCfg = Debug|Any CPU
		{E14E5CDA-82E8-4B0F-8F27-53DF264A7226}.Debug|Any CPU.Build.0 = Debug|Any CPU
		{E14E5CDA-82E8-4B0F-8F27-53DF264A7226}.Release|Any CPU.ActiveCfg = Release|Any CPU
		{E14E5CDA-82E8-4B0F-8F27-53DF264A7226}.Release|Any CPU.Build.0 = Release|Any CPU
		{797438C3-804E-4F22-9E14-FE1123F39AFD}.Debug|Any CPU.ActiveCfg = Debug|Any CPU
		{797438C3-804E-4F22-9E14-FE1123F39AFD}.Debug|Any CPU.Build.0 = Debug|Any CPU
		{797438C3-804E-4F22-9E14-FE1123F39AFD}.Release|Any CPU.ActiveCfg = Release|Any CPU
		{797438C3-804E-4F22-9E14-FE1123F39AFD}.Release|Any CPU.Build.0 = Release|Any CPU
		{E7D9CEAF-F8A0-4C67-8C4B-241FA4BB3ADB}.Debug|Any CPU.ActiveCfg = Debug|Any CPU
		{E7D9CEAF-F8A0-4C67-8C4B-241FA4BB3ADB}.Debug|Any CPU.Build.0 = Debug|Any CPU
		{E7D9CEAF-F8A0-4C67-8C4B-241FA4BB3ADB}.Release|Any CPU.ActiveCfg = Release|Any CPU
		{E7D9CEAF-F8A0-4C67-8C4B-241FA4BB3ADB}.Release|Any CPU.Build.0 = Release|Any CPU
		{3CE0014A-76EB-448D-9B9C-7C964E2C22CC}.Debug|Any CPU.ActiveCfg = Debug|Any CPU
		{3CE0014A-76EB-448D-9B9C-7C964E2C22CC}.Debug|Any CPU.Build.0 = Debug|Any CPU
		{3CE0014A-76EB-448D-9B9C-7C964E2C22CC}.Release|Any CPU.ActiveCfg = Release|Any CPU
		{3CE0014A-76EB-448D-9B9C-7C964E2C22CC}.Release|Any CPU.Build.0 = Release|Any CPU
		{78906345-3CBD-4525-9134-739FCE4E8535}.Debug|Any CPU.ActiveCfg = Debug|Any CPU
		{78906345-3CBD-4525-9134-739FCE4E8535}.Debug|Any CPU.Build.0 = Debug|Any CPU
		{78906345-3CBD-4525-9134-739FCE4E8535}.Release|Any CPU.ActiveCfg = Release|Any CPU
		{78906345-3CBD-4525-9134-739FCE4E8535}.Release|Any CPU.Build.0 = Release|Any CPU
		{215FB12B-41BA-4522-8D02-960F75534F9B}.Debug|Any CPU.ActiveCfg = Debug|Any CPU
		{215FB12B-41BA-4522-8D02-960F75534F9B}.Debug|Any CPU.Build.0 = Debug|Any CPU
		{215FB12B-41BA-4522-8D02-960F75534F9B}.Release|Any CPU.ActiveCfg = Release|Any CPU
		{215FB12B-41BA-4522-8D02-960F75534F9B}.Release|Any CPU.Build.0 = Release|Any CPU
		{8C73BBC4-9013-461E-B182-6CC04BC9D505}.Debug|Any CPU.ActiveCfg = Debug|Any CPU
		{8C73BBC4-9013-461E-B182-6CC04BC9D505}.Debug|Any CPU.Build.0 = Debug|Any CPU
		{8C73BBC4-9013-461E-B182-6CC04BC9D505}.Release|Any CPU.ActiveCfg = Release|Any CPU
		{8C73BBC4-9013-461E-B182-6CC04BC9D505}.Release|Any CPU.Build.0 = Release|Any CPU
		{65120C47-A4C0-4AB9-A108-732F90520FB0}.Debug|Any CPU.ActiveCfg = Debug|Any CPU
		{65120C47-A4C0-4AB9-A108-732F90520FB0}.Debug|Any CPU.Build.0 = Debug|Any CPU
		{65120C47-A4C0-4AB9-A108-732F90520FB0}.Release|Any CPU.ActiveCfg = Release|Any CPU
		{65120C47-A4C0-4AB9-A108-732F90520FB0}.Release|Any CPU.Build.0 = Release|Any CPU
		{F2B2B5BC-CCF9-45DD-9AB8-CEDECCF2B862}.Debug|Any CPU.ActiveCfg = Debug|Any CPU
		{F2B2B5BC-CCF9-45DD-9AB8-CEDECCF2B862}.Debug|Any CPU.Build.0 = Debug|Any CPU
		{F2B2B5BC-CCF9-45DD-9AB8-CEDECCF2B862}.Release|Any CPU.ActiveCfg = Release|Any CPU
		{F2B2B5BC-CCF9-45DD-9AB8-CEDECCF2B862}.Release|Any CPU.Build.0 = Release|Any CPU
		{90D6CB5F-1C88-41A1-A536-647A63A9AC72}.Debug|Any CPU.ActiveCfg = Debug|Any CPU
		{90D6CB5F-1C88-41A1-A536-647A63A9AC72}.Debug|Any CPU.Build.0 = Debug|Any CPU
		{90D6CB5F-1C88-41A1-A536-647A63A9AC72}.Release|Any CPU.ActiveCfg = Release|Any CPU
		{90D6CB5F-1C88-41A1-A536-647A63A9AC72}.Release|Any CPU.Build.0 = Release|Any CPU
		{616D7587-D60A-49C1-85BF-489B32A164EE}.Debug|Any CPU.ActiveCfg = Debug|Any CPU
		{616D7587-D60A-49C1-85BF-489B32A164EE}.Debug|Any CPU.Build.0 = Debug|Any CPU
		{616D7587-D60A-49C1-85BF-489B32A164EE}.Release|Any CPU.ActiveCfg = Release|Any CPU
		{616D7587-D60A-49C1-85BF-489B32A164EE}.Release|Any CPU.Build.0 = Release|Any CPU
		{7371AB1C-77E0-4ECD-B5C7-D6F3A352B1D6}.Debug|Any CPU.ActiveCfg = Debug|Any CPU
		{7371AB1C-77E0-4ECD-B5C7-D6F3A352B1D6}.Debug|Any CPU.Build.0 = Debug|Any CPU
		{7371AB1C-77E0-4ECD-B5C7-D6F3A352B1D6}.Release|Any CPU.ActiveCfg = Release|Any CPU
		{7371AB1C-77E0-4ECD-B5C7-D6F3A352B1D6}.Release|Any CPU.Build.0 = Release|Any CPU
		{4431119E-0613-44C7-BDA2-31773A9D4228}.Debug|Any CPU.ActiveCfg = Debug|Any CPU
		{4431119E-0613-44C7-BDA2-31773A9D4228}.Debug|Any CPU.Build.0 = Debug|Any CPU
		{4431119E-0613-44C7-BDA2-31773A9D4228}.Release|Any CPU.ActiveCfg = Release|Any CPU
		{4431119E-0613-44C7-BDA2-31773A9D4228}.Release|Any CPU.Build.0 = Release|Any CPU
		{4869649C-D928-4D71-A19F-872F82E80C47}.Debug|Any CPU.ActiveCfg = Debug|Any CPU
		{4869649C-D928-4D71-A19F-872F82E80C47}.Debug|Any CPU.Build.0 = Debug|Any CPU
		{4869649C-D928-4D71-A19F-872F82E80C47}.Release|Any CPU.ActiveCfg = Release|Any CPU
		{4869649C-D928-4D71-A19F-872F82E80C47}.Release|Any CPU.Build.0 = Release|Any CPU
		{4DDBE696-6366-455A-A428-E3A04306FAA1}.Debug|Any CPU.ActiveCfg = Debug|Any CPU
		{4DDBE696-6366-455A-A428-E3A04306FAA1}.Debug|Any CPU.Build.0 = Debug|Any CPU
		{4DDBE696-6366-455A-A428-E3A04306FAA1}.Release|Any CPU.ActiveCfg = Release|Any CPU
		{4DDBE696-6366-455A-A428-E3A04306FAA1}.Release|Any CPU.Build.0 = Release|Any CPU
		{0D59D391-3045-4868-AFB1-09BC8FCA6E92}.Debug|Any CPU.ActiveCfg = Debug|Any CPU
		{0D59D391-3045-4868-AFB1-09BC8FCA6E92}.Debug|Any CPU.Build.0 = Debug|Any CPU
		{0D59D391-3045-4868-AFB1-09BC8FCA6E92}.Release|Any CPU.ActiveCfg = Release|Any CPU
		{0D59D391-3045-4868-AFB1-09BC8FCA6E92}.Release|Any CPU.Build.0 = Release|Any CPU
		{3975A821-71AB-4C62-A7C3-4EC34C8A198D}.Debug|Any CPU.ActiveCfg = Debug|Any CPU
		{3975A821-71AB-4C62-A7C3-4EC34C8A198D}.Debug|Any CPU.Build.0 = Debug|Any CPU
		{3975A821-71AB-4C62-A7C3-4EC34C8A198D}.Release|Any CPU.ActiveCfg = Release|Any CPU
		{3975A821-71AB-4C62-A7C3-4EC34C8A198D}.Release|Any CPU.Build.0 = Release|Any CPU
		{11878367-AEB1-47B6-9BD9-3C86479B630C}.Debug|Any CPU.ActiveCfg = Debug|Any CPU
		{11878367-AEB1-47B6-9BD9-3C86479B630C}.Debug|Any CPU.Build.0 = Debug|Any CPU
		{11878367-AEB1-47B6-9BD9-3C86479B630C}.Release|Any CPU.ActiveCfg = Release|Any CPU
		{11878367-AEB1-47B6-9BD9-3C86479B630C}.Release|Any CPU.Build.0 = Release|Any CPU
		{53C0C748-08A8-4047-B29B-1FA1A8286AF6}.Debug|Any CPU.ActiveCfg = Debug|Any CPU
		{53C0C748-08A8-4047-B29B-1FA1A8286AF6}.Debug|Any CPU.Build.0 = Debug|Any CPU
		{53C0C748-08A8-4047-B29B-1FA1A8286AF6}.Release|Any CPU.ActiveCfg = Release|Any CPU
		{53C0C748-08A8-4047-B29B-1FA1A8286AF6}.Release|Any CPU.Build.0 = Release|Any CPU
		{0FE3AF4C-0306-40A0-A332-8B7E4AC6CB86}.Debug|Any CPU.ActiveCfg = Debug|Any CPU
		{0FE3AF4C-0306-40A0-A332-8B7E4AC6CB86}.Debug|Any CPU.Build.0 = Debug|Any CPU
		{0FE3AF4C-0306-40A0-A332-8B7E4AC6CB86}.Release|Any CPU.ActiveCfg = Release|Any CPU
		{0FE3AF4C-0306-40A0-A332-8B7E4AC6CB86}.Release|Any CPU.Build.0 = Release|Any CPU
		{895612F5-CF04-436D-9FD7-E1F5A7A0A4D2}.Debug|Any CPU.ActiveCfg = Debug|Any CPU
		{895612F5-CF04-436D-9FD7-E1F5A7A0A4D2}.Debug|Any CPU.Build.0 = Debug|Any CPU
		{895612F5-CF04-436D-9FD7-E1F5A7A0A4D2}.Release|Any CPU.ActiveCfg = Release|Any CPU
		{895612F5-CF04-436D-9FD7-E1F5A7A0A4D2}.Release|Any CPU.Build.0 = Release|Any CPU
		{0C3586DE-FBAE-448E-921E-861EF99BF33E}.Debug|Any CPU.ActiveCfg = Debug|Any CPU
		{0C3586DE-FBAE-448E-921E-861EF99BF33E}.Debug|Any CPU.Build.0 = Debug|Any CPU
		{0C3586DE-FBAE-448E-921E-861EF99BF33E}.Release|Any CPU.ActiveCfg = Release|Any CPU
		{0C3586DE-FBAE-448E-921E-861EF99BF33E}.Release|Any CPU.Build.0 = Release|Any CPU
		{9E0212A9-CF40-4EEB-8119-CF30CDC8D395}.Debug|Any CPU.ActiveCfg = Debug|Any CPU
		{9E0212A9-CF40-4EEB-8119-CF30CDC8D395}.Debug|Any CPU.Build.0 = Debug|Any CPU
		{9E0212A9-CF40-4EEB-8119-CF30CDC8D395}.Release|Any CPU.ActiveCfg = Release|Any CPU
		{9E0212A9-CF40-4EEB-8119-CF30CDC8D395}.Release|Any CPU.Build.0 = Release|Any CPU
		{7E7DB448-EAC7-452E-AA54-CAEFCD6F489A}.Debug|Any CPU.ActiveCfg = Debug|Any CPU
		{7E7DB448-EAC7-452E-AA54-CAEFCD6F489A}.Debug|Any CPU.Build.0 = Debug|Any CPU
		{7E7DB448-EAC7-452E-AA54-CAEFCD6F489A}.Release|Any CPU.ActiveCfg = Release|Any CPU
		{7E7DB448-EAC7-452E-AA54-CAEFCD6F489A}.Release|Any CPU.Build.0 = Release|Any CPU
		{8A0C9964-4C51-45C3-BADE-47340AD42EC1}.Debug|Any CPU.ActiveCfg = Debug|Any CPU
		{8A0C9964-4C51-45C3-BADE-47340AD42EC1}.Debug|Any CPU.Build.0 = Debug|Any CPU
		{8A0C9964-4C51-45C3-BADE-47340AD42EC1}.Release|Any CPU.ActiveCfg = Release|Any CPU
		{8A0C9964-4C51-45C3-BADE-47340AD42EC1}.Release|Any CPU.Build.0 = Release|Any CPU
		{336862B0-C11B-40D3-BE75-6543E9B5C1B7}.Debug|Any CPU.ActiveCfg = Debug|Any CPU
		{336862B0-C11B-40D3-BE75-6543E9B5C1B7}.Debug|Any CPU.Build.0 = Debug|Any CPU
		{336862B0-C11B-40D3-BE75-6543E9B5C1B7}.Release|Any CPU.ActiveCfg = Release|Any CPU
		{336862B0-C11B-40D3-BE75-6543E9B5C1B7}.Release|Any CPU.Build.0 = Release|Any CPU
		{12785A49-B55A-4370-B9C8-20B50BEE17BF}.Debug|Any CPU.ActiveCfg = Debug|Any CPU
		{12785A49-B55A-4370-B9C8-20B50BEE17BF}.Debug|Any CPU.Build.0 = Debug|Any CPU
		{12785A49-B55A-4370-B9C8-20B50BEE17BF}.Release|Any CPU.ActiveCfg = Release|Any CPU
		{12785A49-B55A-4370-B9C8-20B50BEE17BF}.Release|Any CPU.Build.0 = Release|Any CPU
		{832CE630-2F4B-43B9-BE05-243D9083E470}.Debug|Any CPU.ActiveCfg = Debug|Any CPU
		{832CE630-2F4B-43B9-BE05-243D9083E470}.Debug|Any CPU.Build.0 = Debug|Any CPU
		{832CE630-2F4B-43B9-BE05-243D9083E470}.Release|Any CPU.ActiveCfg = Release|Any CPU
		{832CE630-2F4B-43B9-BE05-243D9083E470}.Release|Any CPU.Build.0 = Release|Any CPU
		{95867C1E-8B00-49CC-BFB8-A7C5FFFE1CB7}.Debug|Any CPU.ActiveCfg = Debug|Any CPU
		{95867C1E-8B00-49CC-BFB8-A7C5FFFE1CB7}.Debug|Any CPU.Build.0 = Debug|Any CPU
		{95867C1E-8B00-49CC-BFB8-A7C5FFFE1CB7}.Release|Any CPU.ActiveCfg = Release|Any CPU
		{95867C1E-8B00-49CC-BFB8-A7C5FFFE1CB7}.Release|Any CPU.Build.0 = Release|Any CPU
		{55B98DD3-AEA3-4E1F-8095-B1B605F5A62E}.Debug|Any CPU.ActiveCfg = Debug|Any CPU
		{55B98DD3-AEA3-4E1F-8095-B1B605F5A62E}.Debug|Any CPU.Build.0 = Debug|Any CPU
		{55B98DD3-AEA3-4E1F-8095-B1B605F5A62E}.Release|Any CPU.ActiveCfg = Release|Any CPU
		{55B98DD3-AEA3-4E1F-8095-B1B605F5A62E}.Release|Any CPU.Build.0 = Release|Any CPU
		{A5F6AACE-76C3-47F0-838F-C588B9CE14C4}.Debug|Any CPU.ActiveCfg = Debug|Any CPU
		{A5F6AACE-76C3-47F0-838F-C588B9CE14C4}.Debug|Any CPU.Build.0 = Debug|Any CPU
		{A5F6AACE-76C3-47F0-838F-C588B9CE14C4}.Release|Any CPU.ActiveCfg = Release|Any CPU
		{A5F6AACE-76C3-47F0-838F-C588B9CE14C4}.Release|Any CPU.Build.0 = Release|Any CPU
	EndGlobalSection
	GlobalSection(SolutionProperties) = preSolution
		HideSolutionNode = FALSE
	EndGlobalSection
EndGlobal
