
Microsoft Visual Studio Solution File, Format Version 12.00
# Visual Studio Express 2012 for Windows Desktop
Project("{FAE04EC0-301F-11D3-BF4B-00C04F79EFBC}") = "001", "1\001.csproj", "{215FB12B-41BA-4522-8D02-960F75534F9B}"
EndProject
Project("{FAE04EC0-301F-11D3-BF4B-00C04F79EFBC}") = "Lib", "Lib\Lib.csproj", "{19E07008-EB4B-4A54-8F2B-CE29A3417407}"
EndProject
Project("{FAE04EC0-301F-11D3-BF4B-00C04F79EFBC}") = "002", "2\002.csproj", "{8C73BBC4-9013-461E-B182-6CC04BC9D505}"
EndProject
Project("{FAE04EC0-301F-11D3-BF4B-00C04F79EFBC}") = "003", "3\003.csproj", "{65120C47-A4C0-4AB9-A108-732F90520FB0}"
EndProject
Project("{FAE04EC0-301F-11D3-BF4B-00C04F79EFBC}") = "004", "4\004.csproj", "{F2B2B5BC-CCF9-45DD-9AB8-CEDECCF2B862}"
EndProject
Project("{FAE04EC0-301F-11D3-BF4B-00C04F79EFBC}") = "005", "5\005.csproj", "{616D7587-D60A-49C1-85BF-489B32A164EE}"
EndProject
Project("{FAE04EC0-301F-11D3-BF4B-00C04F79EFBC}") = "006", "6\006.csproj", "{90D6CB5F-1C88-41A1-A536-647A63A9AC72}"
EndProject
Project("{FAE04EC0-301F-11D3-BF4B-00C04F79EFBC}") = "007", "7\007.csproj", "{7371AB1C-77E0-4ECD-B5C7-D6F3A352B1D6}"
EndProject
Project("{FAE04EC0-301F-11D3-BF4B-00C04F79EFBC}") = "008", "8\008.csproj", "{4431119E-0613-44C7-BDA2-31773A9D4228}"
EndProject
Project("{FAE04EC0-301F-11D3-BF4B-00C04F79EFBC}") = "009", "9\009.csproj", "{4869649C-D928-4D71-A19F-872F82E80C47}"
EndProject
Project("{FAE04EC0-301F-11D3-BF4B-00C04F79EFBC}") = "010", "10\010.csproj", "{4DDBE696-6366-455A-A428-E3A04306FAA1}"
EndProject
Project("{FAE04EC0-301F-11D3-BF4B-00C04F79EFBC}") = "011", "011\011.csproj", "{D369F786-258A-4893-8552-91D94490C0E6}"
EndProject
Project("{FAE04EC0-301F-11D3-BF4B-00C04F79EFBC}") = "012", "012\012.csproj", "{BCB5422C-7089-4C30-8864-A6CE25291170}"
EndProject
Project("{FAE04EC0-301F-11D3-BF4B-00C04F79EFBC}") = "Tests", "Tests\Tests.csproj", "{F3B2CEE2-E480-498F-857C-42352CC124EC}"
EndProject
Project("{FAE04EC0-301F-11D3-BF4B-00C04F79EFBC}") = "013", "013\013.csproj", "{115BB44D-2874-4CC4-AD64-C3FD106E973D}"
EndProject
Global
	GlobalSection(SolutionConfigurationPlatforms) = preSolution
		Debug|Any CPU = Debug|Any CPU
		Release|Any CPU = Release|Any CPU
	EndGlobalSection
	GlobalSection(ProjectConfigurationPlatforms) = postSolution
		{215FB12B-41BA-4522-8D02-960F75534F9B}.Debug|Any CPU.ActiveCfg = Debug|Any CPU
		{215FB12B-41BA-4522-8D02-960F75534F9B}.Debug|Any CPU.Build.0 = Debug|Any CPU
		{215FB12B-41BA-4522-8D02-960F75534F9B}.Release|Any CPU.ActiveCfg = Release|Any CPU
		{215FB12B-41BA-4522-8D02-960F75534F9B}.Release|Any CPU.Build.0 = Release|Any CPU
		{19E07008-EB4B-4A54-8F2B-CE29A3417407}.Debug|Any CPU.ActiveCfg = Debug|Any CPU
		{19E07008-EB4B-4A54-8F2B-CE29A3417407}.Debug|Any CPU.Build.0 = Debug|Any CPU
		{19E07008-EB4B-4A54-8F2B-CE29A3417407}.Release|Any CPU.ActiveCfg = Release|Any CPU
		{19E07008-EB4B-4A54-8F2B-CE29A3417407}.Release|Any CPU.Build.0 = Release|Any CPU
		{8C73BBC4-9013-461E-B182-6CC04BC9D505}.Debug|Any CPU.ActiveCfg = Debug|Any CPU
		{8C73BBC4-9013-461E-B182-6CC04BC9D505}.Debug|Any CPU.Build.0 = Debug|Any CPU
		{8C73BBC4-9013-461E-B182-6CC04BC9D505}.Release|Any CPU.ActiveCfg = Release|Any CPU
		{8C73BBC4-9013-461E-B182-6CC04BC9D505}.Release|Any CPU.Build.0 = Release|Any CPU
		{65120C47-A4C0-4AB9-A108-732F90520FB0}.Debug|Any CPU.ActiveCfg = Debug|Any CPU
		{65120C47-A4C0-4AB9-A108-732F90520FB0}.Debug|Any CPU.Build.0 = Debug|Any CPU
		{65120C47-A4C0-4AB9-A108-732F90520FB0}.Release|Any CPU.ActiveCfg = Release|Any CPU
		{65120C47-A4C0-4AB9-A108-732F90520FB0}.Release|Any CPU.Build.0 = Release|Any CPU
		{F2B2B5BC-CCF9-45DD-9AB8-CEDECCF2B862}.Debug|Any CPU.ActiveCfg = Debug|Any CPU
		{F2B2B5BC-CCF9-45DD-9AB8-CEDECCF2B862}.Debug|Any CPU.Build.0 = Debug|Any CPU
		{F2B2B5BC-CCF9-45DD-9AB8-CEDECCF2B862}.Release|Any CPU.ActiveCfg = Release|Any CPU
		{F2B2B5BC-CCF9-45DD-9AB8-CEDECCF2B862}.Release|Any CPU.Build.0 = Release|Any CPU
		{616D7587-D60A-49C1-85BF-489B32A164EE}.Debug|Any CPU.ActiveCfg = Debug|Any CPU
		{616D7587-D60A-49C1-85BF-489B32A164EE}.Debug|Any CPU.Build.0 = Debug|Any CPU
		{616D7587-D60A-49C1-85BF-489B32A164EE}.Release|Any CPU.ActiveCfg = Release|Any CPU
		{616D7587-D60A-49C1-85BF-489B32A164EE}.Release|Any CPU.Build.0 = Release|Any CPU
		{90D6CB5F-1C88-41A1-A536-647A63A9AC72}.Debug|Any CPU.ActiveCfg = Debug|Any CPU
		{90D6CB5F-1C88-41A1-A536-647A63A9AC72}.Debug|Any CPU.Build.0 = Debug|Any CPU
		{90D6CB5F-1C88-41A1-A536-647A63A9AC72}.Release|Any CPU.ActiveCfg = Release|Any CPU
		{90D6CB5F-1C88-41A1-A536-647A63A9AC72}.Release|Any CPU.Build.0 = Release|Any CPU
		{7371AB1C-77E0-4ECD-B5C7-D6F3A352B1D6}.Debug|Any CPU.ActiveCfg = Debug|Any CPU
		{7371AB1C-77E0-4ECD-B5C7-D6F3A352B1D6}.Debug|Any CPU.Build.0 = Debug|Any CPU
		{7371AB1C-77E0-4ECD-B5C7-D6F3A352B1D6}.Release|Any CPU.ActiveCfg = Release|Any CPU
		{7371AB1C-77E0-4ECD-B5C7-D6F3A352B1D6}.Release|Any CPU.Build.0 = Release|Any CPU
		{4431119E-0613-44C7-BDA2-31773A9D4228}.Debug|Any CPU.ActiveCfg = Debug|Any CPU
		{4431119E-0613-44C7-BDA2-31773A9D4228}.Debug|Any CPU.Build.0 = Debug|Any CPU
		{4431119E-0613-44C7-BDA2-31773A9D4228}.Release|Any CPU.ActiveCfg = Release|Any CPU
		{4431119E-0613-44C7-BDA2-31773A9D4228}.Release|Any CPU.Build.0 = Release|Any CPU
		{4869649C-D928-4D71-A19F-872F82E80C47}.Debug|Any CPU.ActiveCfg = Debug|Any CPU
		{4869649C-D928-4D71-A19F-872F82E80C47}.Debug|Any CPU.Build.0 = Debug|Any CPU
		{4869649C-D928-4D71-A19F-872F82E80C47}.Release|Any CPU.ActiveCfg = Release|Any CPU
		{4869649C-D928-4D71-A19F-872F82E80C47}.Release|Any CPU.Build.0 = Release|Any CPU
		{4DDBE696-6366-455A-A428-E3A04306FAA1}.Debug|Any CPU.ActiveCfg = Debug|Any CPU
		{4DDBE696-6366-455A-A428-E3A04306FAA1}.Debug|Any CPU.Build.0 = Debug|Any CPU
		{4DDBE696-6366-455A-A428-E3A04306FAA1}.Release|Any CPU.ActiveCfg = Release|Any CPU
		{4DDBE696-6366-455A-A428-E3A04306FAA1}.Release|Any CPU.Build.0 = Release|Any CPU
		{D369F786-258A-4893-8552-91D94490C0E6}.Debug|Any CPU.ActiveCfg = Debug|Any CPU
		{D369F786-258A-4893-8552-91D94490C0E6}.Debug|Any CPU.Build.0 = Debug|Any CPU
		{D369F786-258A-4893-8552-91D94490C0E6}.Release|Any CPU.ActiveCfg = Release|Any CPU
		{D369F786-258A-4893-8552-91D94490C0E6}.Release|Any CPU.Build.0 = Release|Any CPU
		{BCB5422C-7089-4C30-8864-A6CE25291170}.Debug|Any CPU.ActiveCfg = Debug|Any CPU
		{BCB5422C-7089-4C30-8864-A6CE25291170}.Debug|Any CPU.Build.0 = Debug|Any CPU
		{BCB5422C-7089-4C30-8864-A6CE25291170}.Release|Any CPU.ActiveCfg = Release|Any CPU
		{BCB5422C-7089-4C30-8864-A6CE25291170}.Release|Any CPU.Build.0 = Release|Any CPU
		{F3B2CEE2-E480-498F-857C-42352CC124EC}.Debug|Any CPU.ActiveCfg = Debug|Any CPU
		{F3B2CEE2-E480-498F-857C-42352CC124EC}.Debug|Any CPU.Build.0 = Debug|Any CPU
		{F3B2CEE2-E480-498F-857C-42352CC124EC}.Release|Any CPU.ActiveCfg = Release|Any CPU
		{F3B2CEE2-E480-498F-857C-42352CC124EC}.Release|Any CPU.Build.0 = Release|Any CPU
		{115BB44D-2874-4CC4-AD64-C3FD106E973D}.Debug|Any CPU.ActiveCfg = Debug|Any CPU
		{115BB44D-2874-4CC4-AD64-C3FD106E973D}.Debug|Any CPU.Build.0 = Debug|Any CPU
		{115BB44D-2874-4CC4-AD64-C3FD106E973D}.Release|Any CPU.ActiveCfg = Release|Any CPU
		{115BB44D-2874-4CC4-AD64-C3FD106E973D}.Release|Any CPU.Build.0 = Release|Any CPU
	EndGlobalSection
	GlobalSection(SolutionProperties) = preSolution
		HideSolutionNode = FALSE
	EndGlobalSection
EndGlobal
